# This file is automatically @generated by Wally.
# It is not intended for manual editing.
registry = "test"

[[package]]
name = "brittonfischer/profileservice"
version = "2.1.5"
dependencies = []

[[package]]
name = "elttob/fusion"
version = "0.3.0"
dependencies = []

[[package]]
name = "evaera/promise"
version = "4.0.0"
dependencies = []

[[package]]
name = "sleitnick/net"
version = "0.2.0"
dependencies = []

[[package]]
name = "sleitnick/signal"
version = "1.5.0"
dependencies = []

[[package]]
name = "zeon/deep-digger"
version = "0.1.0"
dependencies = [["Fusion", "elttob/fusion@0.3.0"], ["Net", "sleitnick/net@0.2.0"], ["ProfileService", "brittonfischer/profileservice@2.1.5"], ["Promise", "evaera/promise@4.0.0"], ["Signal", "sleitnick/signal@1.5.0"]]
